
Microsoft Visual Studio Solution File, Format Version 11.00
# Visual Studio 2010
Project("{8BC9CEB8-8B4A-11D0-8D11-00A0C91BC942}") = "RDLib", "RDLib\RDLib.vcxproj", "{8197B50B-FCB0-4DCE-AC25-FC0EF89E9F1E}"
	ProjectSection(ProjectDependencies) = postProject
		{3F892D5E-F135-459B-A21F-F7A9DCA5F6CF} = {3F892D5E-F135-459B-A21F-F7A9DCA5F6CF}
	EndProjectSection
EndProject
Project("{8BC9CEB8-8B4A-11D0-8D11-00A0C91BC942}") = "XdBase", "XdBase\XdBase.vcxproj", "{3F892D5E-F135-459B-A21F-F7A9DCA5F6CF}"
EndProject
Project("{8BC9CEB8-8B4A-11D0-8D11-00A0C91BC942}") = "RDLib_test", "RDLib_test\RDLib_test.vcxproj", "{3E817A92-A50C-47FB-8FD5-9B3484FADBA2}"
	ProjectSection(ProjectDependencies) = postProject
		{8197B50B-FCB0-4DCE-AC25-FC0EF89E9F1E} = {8197B50B-FCB0-4DCE-AC25-FC0EF89E9F1E}
		{3F892D5E-F135-459B-A21F-F7A9DCA5F6CF} = {3F892D5E-F135-459B-A21F-F7A9DCA5F6CF}
	EndProjectSection
EndProject
Project("{8BC9CEB8-8B4A-11D0-8D11-00A0C91BC942}") = "js_test", "js_test\js_test.vcxproj", "{AFABCA5F-8F9D-432F-B5D1-F9AE6C36EEF8}"
EndProject
Project("{8BC9CEB8-8B4A-11D0-8D11-00A0C91BC942}") = "test2d", "test2d\test2d.vcxproj", "{3B9B72D3-0CCD-4BFE-BA40-5628F2E6BF97}"
EndProject
Project("{8BC9CEB8-8B4A-11D0-8D11-00A0C91BC942}") = "MGCClient", "MGCClient\MGCClient.vcxproj", "{E31F6738-A464-4705-B271-F1F9F52D59DF}"
	ProjectSection(ProjectDependencies) = postProject
		{8197B50B-FCB0-4DCE-AC25-FC0EF89E9F1E} = {8197B50B-FCB0-4DCE-AC25-FC0EF89E9F1E}
		{62EA2427-D618-4B00-BE3F-3BDB821E058B} = {62EA2427-D618-4B00-BE3F-3BDB821E058B}
		{3F892D5E-F135-459B-A21F-F7A9DCA5F6CF} = {3F892D5E-F135-459B-A21F-F7A9DCA5F6CF}
		{57A9F06A-6600-6947-929D-6735645B74DB} = {57A9F06A-6600-6947-929D-6735645B74DB}
		{85566B93-02FC-404B-93D6-B429F6EA0929} = {85566B93-02FC-404B-93D6-B429F6EA0929}
	EndProjectSection
EndProject
Project("{8BC9CEB8-8B4A-11D0-8D11-00A0C91BC942}") = "IdleTracker", "IdleTracker\IdleTracker.vcxproj", "{57A9F06A-6600-6947-929D-6735645B74DB}"
EndProject
Project("{8BC9CEB8-8B4A-11D0-8D11-00A0C91BC942}") = "XdURL", "XdURL\XdURL.vcxproj", "{85566B93-02FC-404B-93D6-B429F6EA0929}"
EndProject
Project("{8BC9CEB8-8B4A-11D0-8D11-00A0C91BC942}") = "testXdURL", "testXdURL\testXdURL.vcxproj", "{D9785F22-A99A-435D-A261-6C8919577C25}"
EndProject
Project("{8BC9CEB8-8B4A-11D0-8D11-00A0C91BC942}") = "PreventAction", "PreventAction\PreventAction.vcxproj", "{62EA2427-D618-4B00-BE3F-3BDB821E058B}"
EndProject
Project("{8BC9CEB8-8B4A-11D0-8D11-00A0C91BC942}") = "mcGuardian", "mcGuardian\mcGuardian.vcxproj", "{CAF7220C-8B89-4778-886E-40AD84814BBF}"
EndProject
Global
	GlobalSection(SolutionConfigurationPlatforms) = preSolution
		Debug|Win32 = Debug|Win32
		Release|Win32 = Release|Win32
	EndGlobalSection
	GlobalSection(ProjectConfigurationPlatforms) = postSolution
		{8197B50B-FCB0-4DCE-AC25-FC0EF89E9F1E}.Debug|Win32.ActiveCfg = Debug|Win32
		{8197B50B-FCB0-4DCE-AC25-FC0EF89E9F1E}.Debug|Win32.Build.0 = Debug|Win32
		{8197B50B-FCB0-4DCE-AC25-FC0EF89E9F1E}.Release|Win32.ActiveCfg = Release|Win32
		{8197B50B-FCB0-4DCE-AC25-FC0EF89E9F1E}.Release|Win32.Build.0 = Release|Win32
		{3F892D5E-F135-459B-A21F-F7A9DCA5F6CF}.Debug|Win32.ActiveCfg = Debug|Win32
		{3F892D5E-F135-459B-A21F-F7A9DCA5F6CF}.Debug|Win32.Build.0 = Debug|Win32
		{3F892D5E-F135-459B-A21F-F7A9DCA5F6CF}.Release|Win32.ActiveCfg = Release|Win32
		{3F892D5E-F135-459B-A21F-F7A9DCA5F6CF}.Release|Win32.Build.0 = Release|Win32
		{3E817A92-A50C-47FB-8FD5-9B3484FADBA2}.Debug|Win32.ActiveCfg = Debug|Win32
		{3E817A92-A50C-47FB-8FD5-9B3484FADBA2}.Debug|Win32.Build.0 = Debug|Win32
		{3E817A92-A50C-47FB-8FD5-9B3484FADBA2}.Release|Win32.ActiveCfg = Release|Win32
		{3E817A92-A50C-47FB-8FD5-9B3484FADBA2}.Release|Win32.Build.0 = Release|Win32
		{AFABCA5F-8F9D-432F-B5D1-F9AE6C36EEF8}.Debug|Win32.ActiveCfg = Debug|Win32
		{AFABCA5F-8F9D-432F-B5D1-F9AE6C36EEF8}.Debug|Win32.Build.0 = Debug|Win32
		{AFABCA5F-8F9D-432F-B5D1-F9AE6C36EEF8}.Release|Win32.ActiveCfg = Release|Win32
		{AFABCA5F-8F9D-432F-B5D1-F9AE6C36EEF8}.Release|Win32.Build.0 = Release|Win32
		{3B9B72D3-0CCD-4BFE-BA40-5628F2E6BF97}.Debug|Win32.ActiveCfg = Debug|Win32
		{3B9B72D3-0CCD-4BFE-BA40-5628F2E6BF97}.Debug|Win32.Build.0 = Debug|Win32
		{3B9B72D3-0CCD-4BFE-BA40-5628F2E6BF97}.Release|Win32.ActiveCfg = Release|Win32
		{3B9B72D3-0CCD-4BFE-BA40-5628F2E6BF97}.Release|Win32.Build.0 = Release|Win32
		{E31F6738-A464-4705-B271-F1F9F52D59DF}.Debug|Win32.ActiveCfg = Debug|Win32
		{E31F6738-A464-4705-B271-F1F9F52D59DF}.Debug|Win32.Build.0 = Debug|Win32
		{E31F6738-A464-4705-B271-F1F9F52D59DF}.Release|Win32.ActiveCfg = Release|Win32
		{E31F6738-A464-4705-B271-F1F9F52D59DF}.Release|Win32.Build.0 = Release|Win32
		{57A9F06A-6600-6947-929D-6735645B74DB}.Debug|Win32.ActiveCfg = debug|Win32
		{57A9F06A-6600-6947-929D-6735645B74DB}.Debug|Win32.Build.0 = debug|Win32
		{57A9F06A-6600-6947-929D-6735645B74DB}.Release|Win32.ActiveCfg = Release|Win32
		{57A9F06A-6600-6947-929D-6735645B74DB}.Release|Win32.Build.0 = Release|Win32
		{85566B93-02FC-404B-93D6-B429F6EA0929}.Debug|Win32.ActiveCfg = Debug|Win32
		{85566B93-02FC-404B-93D6-B429F6EA0929}.Debug|Win32.Build.0 = Debug|Win32
		{85566B93-02FC-404B-93D6-B429F6EA0929}.Release|Win32.ActiveCfg = Release|Win32
		{85566B93-02FC-404B-93D6-B429F6EA0929}.Release|Win32.Build.0 = Release|Win32
		{D9785F22-A99A-435D-A261-6C8919577C25}.Debug|Win32.ActiveCfg = Debug|Win32
		{D9785F22-A99A-435D-A261-6C8919577C25}.Debug|Win32.Build.0 = Debug|Win32
		{D9785F22-A99A-435D-A261-6C8919577C25}.Release|Win32.ActiveCfg = Release|Win32
		{D9785F22-A99A-435D-A261-6C8919577C25}.Release|Win32.Build.0 = Release|Win32
		{62EA2427-D618-4B00-BE3F-3BDB821E058B}.Debug|Win32.ActiveCfg = Debug|Win32
		{62EA2427-D618-4B00-BE3F-3BDB821E058B}.Debug|Win32.Build.0 = Debug|Win32
		{62EA2427-D618-4B00-BE3F-3BDB821E058B}.Release|Win32.ActiveCfg = Release|Win32
		{62EA2427-D618-4B00-BE3F-3BDB821E058B}.Release|Win32.Build.0 = Release|Win32
		{CAF7220C-8B89-4778-886E-40AD84814BBF}.Debug|Win32.ActiveCfg = Debug|Win32
		{CAF7220C-8B89-4778-886E-40AD84814BBF}.Debug|Win32.Build.0 = Debug|Win32
		{CAF7220C-8B89-4778-886E-40AD84814BBF}.Release|Win32.ActiveCfg = Release|Win32
		{CAF7220C-8B89-4778-886E-40AD84814BBF}.Release|Win32.Build.0 = Release|Win32
	EndGlobalSection
	GlobalSection(SolutionProperties) = preSolution
		HideSolutionNode = FALSE
	EndGlobalSection
EndGlobal
